
Microsoft Visual Studio Solution File, Format Version 12.00
# Visual Studio Version 17
VisualStudioVersion = 17.8.34330.188
MinimumVisualStudioVersion = 10.0.40219.1
Project("{9A19103F-16F7-4668-BE54-9A1E7A4F7556}") = "WheresMyReloadAt", "WheresMyReloadAt.csproj", "{EE7C25A3-D8A9-492C-A158-1EDDB3A76160}"
EndProject
Global
	GlobalSection(SolutionConfigurationPlatforms) = preSolution
		Debug|Any CPU = Debug|Any CPU
		Release|Any CPU = Release|Any CPU
	EndGlobalSection
	GlobalSection(ProjectConfigurationPlatforms) = postSolution
		{EE7C25A3-D8A9-492C-A158-1EDDB3A76160}.Debug|Any CPU.ActiveCfg = Debug|Any CPU
		{EE7C25A3-D8A9-492C-A158-1EDDB3A76160}.Debug|Any CPU.Build.0 = Debug|Any CPU
		{EE7C25A3-D8A9-492C-A158-1EDDB3A76160}.Release|Any CPU.ActiveCfg = Release|Any CPU
		{EE7C25A3-D8A9-492C-A158-1EDDB3A76160}.Release|Any CPU.Build.0 = Release|Any CPU
	EndGlobalSection
	GlobalSection(SolutionProperties) = preSolution
		HideSolutionNode = FALSE
	EndGlobalSection
	GlobalSection(ExtensibilityGlobals) = postSolution
		SolutionGuid = {3CC23C48-FED7-4C7A-A543-7142BD9836DB}
	EndGlobalSection
EndGlobal
